Microsoft Visual Studio Solution File, Format Version 12.00
# Visual Studio 15
VisualStudioVersion = 15.0.27130.2020
MinimumVisualStudioVersion = 15.0.26124.0
Project("{9A19103F-16F7-4668-BE54-9A1E7A4F7556}") = "BlipValidate.Data", "BlipValidate.Data\BlipValidate.Data.csproj", "{03A3EC9E-578E-4F4D-B01E-CDE8DFC78AF3}"
EndProject
Project("{9A19103F-16F7-4668-BE54-9A1E7A4F7556}") = "BlipValidate.Web", "BlipValidate.Web\BlipValidate.Web.csproj", "{7743A660-C7D3-4469-938A-85F8D8708DDC}"
EndProject
Global
	GlobalSection(SolutionConfigurationPlatforms) = preSolution
		Debug|Any CPU = Debug|Any CPU
		Debug|x64 = Debug|x64
		Debug|x86 = Debug|x86
		Release|Any CPU = Release|Any CPU
		Release|x64 = Release|x64
		Release|x86 = Release|x86
	EndGlobalSection
	GlobalSection(ProjectConfigurationPlatforms) = postSolution
		{03A3EC9E-578E-4F4D-B01E-CDE8DFC78AF3}.Debug|Any CPU.ActiveCfg = Debug|Any CPU
		{03A3EC9E-578E-4F4D-B01E-CDE8DFC78AF3}.Debug|Any CPU.Build.0 = Debug|Any CPU
		{03A3EC9E-578E-4F4D-B01E-CDE8DFC78AF3}.Debug|x64.ActiveCfg = Debug|Any CPU
		{03A3EC9E-578E-4F4D-B01E-CDE8DFC78AF3}.Debug|x64.Build.0 = Debug|Any CPU
		{03A3EC9E-578E-4F4D-B01E-CDE8DFC78AF3}.Debug|x86.ActiveCfg = Debug|Any CPU
		{03A3EC9E-578E-4F4D-B01E-CDE8DFC78AF3}.Debug|x86.Build.0 = Debug|Any CPU
		{03A3EC9E-578E-4F4D-B01E-CDE8DFC78AF3}.Release|Any CPU.ActiveCfg = Release|Any CPU
		{03A3EC9E-578E-4F4D-B01E-CDE8DFC78AF3}.Release|Any CPU.Build.0 = Release|Any CPU
		{03A3EC9E-578E-4F4D-B01E-CDE8DFC78AF3}.Release|x64.ActiveCfg = Release|Any CPU
		{03A3EC9E-578E-4F4D-B01E-CDE8DFC78AF3}.Release|x64.Build.0 = Release|Any CPU
		{03A3EC9E-578E-4F4D-B01E-CDE8DFC78AF3}.Release|x86.ActiveCfg = Release|Any CPU
		{03A3EC9E-578E-4F4D-B01E-CDE8DFC78AF3}.Release|x86.Build.0 = Release|Any CPU
		{7743A660-C7D3-4469-938A-85F8D8708DDC}.Debug|Any CPU.ActiveCfg = Debug|Any CPU
		{7743A660-C7D3-4469-938A-85F8D8708DDC}.Debug|Any CPU.Build.0 = Debug|Any CPU
		{7743A660-C7D3-4469-938A-85F8D8708DDC}.Debug|x64.ActiveCfg = Debug|Any CPU
		{7743A660-C7D3-4469-938A-85F8D8708DDC}.Debug|x64.Build.0 = Debug|Any CPU
		{7743A660-C7D3-4469-938A-85F8D8708DDC}.Debug|x86.ActiveCfg = Debug|Any CPU
		{7743A660-C7D3-4469-938A-85F8D8708DDC}.Debug|x86.Build.0 = Debug|Any CPU
		{7743A660-C7D3-4469-938A-85F8D8708DDC}.Release|Any CPU.ActiveCfg = Release|Any CPU
		{7743A660-C7D3-4469-938A-85F8D8708DDC}.Release|Any CPU.Build.0 = Release|Any CPU
		{7743A660-C7D3-4469-938A-85F8D8708DDC}.Release|x64.ActiveCfg = Release|Any CPU
		{7743A660-C7D3-4469-938A-85F8D8708DDC}.Release|x64.Build.0 = Release|Any CPU
		{7743A660-C7D3-4469-938A-85F8D8708DDC}.Release|x86.ActiveCfg = Release|Any CPU
		{7743A660-C7D3-4469-938A-85F8D8708DDC}.Release|x86.Build.0 = Release|Any CPU
	EndGlobalSection
	GlobalSection(SolutionProperties) = preSolution
		HideSolutionNode = FALSE
	EndGlobalSection
	GlobalSection(ExtensibilityGlobals) = postSolution
		SolutionGuid = {04D4B73F-BC9E-454C-90FE-1AA0311D2C1A}
	EndGlobalSection
EndGlobal
